
Microsoft Visual Studio Solution File, Format Version 12.00
# Visual Studio 15
VisualStudioVersion = 15.0.26124.0
MinimumVisualStudioVersion = 15.0.26124.0
Project("{2150E333-8FDC-42A3-9474-1A3956D46DE8}") = "src", "src", "{0203CA5A-4316-484E-BC97-61FB07EB8118}"
EndProject
Project("{2150E333-8FDC-42A3-9474-1A3956D46DE8}") = "test", "test", "{A47CB436-A25D-42ED-BE2E-14BC69AC74F5}"
EndProject
Project("{2150E333-8FDC-42A3-9474-1A3956D46DE8}") = "Solution Items", "Solution Items", "{9C9334FA-4F8A-4914-9CCB-BDE487D15791}"
	ProjectSection(SolutionItems) = preProject
		.editorconfig = .editorconfig
		.gitignore = .gitignore
		README.md = README.md
	EndProjectSection
EndProject
Project("{9A19103F-16F7-4668-BE54-9A1E7A4F7556}") = "Kubeleans.Tests", "test\Kubeleans.Tests\Kubeleans.Tests.csproj", "{F578645D-36C9-4054-8B23-C573BFB8765A}"
EndProject
Project("{9A19103F-16F7-4668-BE54-9A1E7A4F7556}") = "Kubeleans.Master", "src\Kubeleans.Master\Kubeleans.Master.csproj", "{CB0D6377-2077-4AF8-8F57-D217AED461AF}"
EndProject
Project("{9A19103F-16F7-4668-BE54-9A1E7A4F7556}") = "Kubeleans.Master.Host", "src\Kubeleans.Master.Host\Kubeleans.Master.Host.csproj", "{C2AEBE1C-E4E5-463C-8A28-2B6EAC0DF46B}"
EndProject
Project("{2150E333-8FDC-42A3-9474-1A3956D46DE8}") = "Master", "Master", "{6298A3E0-4DE6-47F9-AFD6-A0ABFA960B22}"
EndProject
Project("{2150E333-8FDC-42A3-9474-1A3956D46DE8}") = "Worker", "Worker", "{30B07D6B-648C-4005-BD1E-061EBA49E833}"
EndProject
Project("{9A19103F-16F7-4668-BE54-9A1E7A4F7556}") = "Kubeleans.Worker", "src\Kubeleans.Worker\Kubeleans.Worker.csproj", "{8A6E0202-70C2-4F29-A809-83EF0D33832F}"
EndProject
Project("{9A19103F-16F7-4668-BE54-9A1E7A4F7556}") = "Kubeleans.Worker.Host", "src\Kubeleans.Worker.Host\Kubeleans.Worker.Host.csproj", "{F0AF6F36-A413-4453-9C92-AD875307E05C}"
EndProject
Project("{2150E333-8FDC-42A3-9474-1A3956D46DE8}") = "Kubernetes", "Kubernetes", "{402D9FC6-E3DB-4E26-A833-20BB8C141A0E}"
EndProject
Project("{2150E333-8FDC-42A3-9474-1A3956D46DE8}") = "CRD", "CRD", "{7091AA17-BE02-402F-BD22-EB8B47B6BDB7}"
	ProjectSection(SolutionItems) = preProject
		src\CRD\GrainFunction.yaml = src\CRD\GrainFunction.yaml
		src\CRD\GrainFunctionApplication.yaml = src\CRD\GrainFunctionApplication.yaml
	EndProjectSection
EndProject
Project("{2150E333-8FDC-42A3-9474-1A3956D46DE8}") = "Core", "Core", "{24D35DBD-7BB2-46E1-BE2D-3F0E5CECEB93}"
EndProject
Project("{9A19103F-16F7-4668-BE54-9A1E7A4F7556}") = "Kubeleans.Model", "src\Kubeleans.Model\Kubeleans.Model.csproj", "{74878CF8-0657-4AEF-8111-2F0B57D03F47}"
EndProject
Project("{2150E333-8FDC-42A3-9474-1A3956D46DE8}") = "Samples", "Samples", "{48535793-0D9D-4B71-88F3-B358D6927E98}"
	ProjectSection(SolutionItems) = preProject
		src\CRD\Samples\GrainFunction-sample.yaml = src\CRD\Samples\GrainFunction-sample.yaml
		src\CRD\Samples\GrainFunctionApplication-sample.yaml = src\CRD\Samples\GrainFunctionApplication-sample.yaml
	EndProjectSection
EndProject
Project("{9A19103F-16F7-4668-BE54-9A1E7A4F7556}") = "Kubeleans.Kubernetes", "src\Kubeleans.Kubernetes\Kubeleans.Kubernetes.csproj", "{8A822A90-D690-4CF8-9347-7FE2BB675A3B}"
EndProject
Project("{9A19103F-16F7-4668-BE54-9A1E7A4F7556}") = "Kubeleans.Kubernetes.Tests", "test\Kubeleans.Kubernetes.Tests\Kubeleans.Kubernetes.Tests.csproj", "{92EAB97A-CFCB-4578-A213-0F83294D8AD4}"
EndProject
Project("{FAE04EC0-301F-11D3-BF4B-00C04F79EFBC}") = "Kubeleans.Abstractions", "src\Kubeleans.Abstractions\Kubeleans.Abstractions.csproj", "{D8D31EE9-6C2A-4F58-B423-D5CAB55A3DBA}"
EndProject
Global
	GlobalSection(SolutionConfigurationPlatforms) = preSolution
		Debug|Any CPU = Debug|Any CPU
		Debug|x64 = Debug|x64
		Debug|x86 = Debug|x86
		Release|Any CPU = Release|Any CPU
		Release|x64 = Release|x64
		Release|x86 = Release|x86
	EndGlobalSection
	GlobalSection(ProjectConfigurationPlatforms) = postSolution
		{F578645D-36C9-4054-8B23-C573BFB8765A}.Debug|Any CPU.ActiveCfg = Debug|Any CPU
		{F578645D-36C9-4054-8B23-C573BFB8765A}.Debug|Any CPU.Build.0 = Debug|Any CPU
		{F578645D-36C9-4054-8B23-C573BFB8765A}.Debug|x64.ActiveCfg = Debug|Any CPU
		{F578645D-36C9-4054-8B23-C573BFB8765A}.Debug|x64.Build.0 = Debug|Any CPU
		{F578645D-36C9-4054-8B23-C573BFB8765A}.Debug|x86.ActiveCfg = Debug|Any CPU
		{F578645D-36C9-4054-8B23-C573BFB8765A}.Debug|x86.Build.0 = Debug|Any CPU
		{F578645D-36C9-4054-8B23-C573BFB8765A}.Release|Any CPU.ActiveCfg = Release|Any CPU
		{F578645D-36C9-4054-8B23-C573BFB8765A}.Release|Any CPU.Build.0 = Release|Any CPU
		{F578645D-36C9-4054-8B23-C573BFB8765A}.Release|x64.ActiveCfg = Release|Any CPU
		{F578645D-36C9-4054-8B23-C573BFB8765A}.Release|x64.Build.0 = Release|Any CPU
		{F578645D-36C9-4054-8B23-C573BFB8765A}.Release|x86.ActiveCfg = Release|Any CPU
		{F578645D-36C9-4054-8B23-C573BFB8765A}.Release|x86.Build.0 = Release|Any CPU
		{CB0D6377-2077-4AF8-8F57-D217AED461AF}.Debug|Any CPU.ActiveCfg = Debug|Any CPU
		{CB0D6377-2077-4AF8-8F57-D217AED461AF}.Debug|Any CPU.Build.0 = Debug|Any CPU
		{CB0D6377-2077-4AF8-8F57-D217AED461AF}.Debug|x64.ActiveCfg = Debug|Any CPU
		{CB0D6377-2077-4AF8-8F57-D217AED461AF}.Debug|x64.Build.0 = Debug|Any CPU
		{CB0D6377-2077-4AF8-8F57-D217AED461AF}.Debug|x86.ActiveCfg = Debug|Any CPU
		{CB0D6377-2077-4AF8-8F57-D217AED461AF}.Debug|x86.Build.0 = Debug|Any CPU
		{CB0D6377-2077-4AF8-8F57-D217AED461AF}.Release|Any CPU.ActiveCfg = Release|Any CPU
		{CB0D6377-2077-4AF8-8F57-D217AED461AF}.Release|Any CPU.Build.0 = Release|Any CPU
		{CB0D6377-2077-4AF8-8F57-D217AED461AF}.Release|x64.ActiveCfg = Release|Any CPU
		{CB0D6377-2077-4AF8-8F57-D217AED461AF}.Release|x64.Build.0 = Release|Any CPU
		{CB0D6377-2077-4AF8-8F57-D217AED461AF}.Release|x86.ActiveCfg = Release|Any CPU
		{CB0D6377-2077-4AF8-8F57-D217AED461AF}.Release|x86.Build.0 = Release|Any CPU
		{C2AEBE1C-E4E5-463C-8A28-2B6EAC0DF46B}.Debug|Any CPU.ActiveCfg = Debug|Any CPU
		{C2AEBE1C-E4E5-463C-8A28-2B6EAC0DF46B}.Debug|Any CPU.Build.0 = Debug|Any CPU
		{C2AEBE1C-E4E5-463C-8A28-2B6EAC0DF46B}.Debug|x64.ActiveCfg = Debug|Any CPU
		{C2AEBE1C-E4E5-463C-8A28-2B6EAC0DF46B}.Debug|x64.Build.0 = Debug|Any CPU
		{C2AEBE1C-E4E5-463C-8A28-2B6EAC0DF46B}.Debug|x86.ActiveCfg = Debug|Any CPU
		{C2AEBE1C-E4E5-463C-8A28-2B6EAC0DF46B}.Debug|x86.Build.0 = Debug|Any CPU
		{C2AEBE1C-E4E5-463C-8A28-2B6EAC0DF46B}.Release|Any CPU.ActiveCfg = Release|Any CPU
		{C2AEBE1C-E4E5-463C-8A28-2B6EAC0DF46B}.Release|Any CPU.Build.0 = Release|Any CPU
		{C2AEBE1C-E4E5-463C-8A28-2B6EAC0DF46B}.Release|x64.ActiveCfg = Release|Any CPU
		{C2AEBE1C-E4E5-463C-8A28-2B6EAC0DF46B}.Release|x64.Build.0 = Release|Any CPU
		{C2AEBE1C-E4E5-463C-8A28-2B6EAC0DF46B}.Release|x86.ActiveCfg = Release|Any CPU
		{C2AEBE1C-E4E5-463C-8A28-2B6EAC0DF46B}.Release|x86.Build.0 = Release|Any CPU
		{8A6E0202-70C2-4F29-A809-83EF0D33832F}.Debug|Any CPU.ActiveCfg = Debug|Any CPU
		{8A6E0202-70C2-4F29-A809-83EF0D33832F}.Debug|Any CPU.Build.0 = Debug|Any CPU
		{8A6E0202-70C2-4F29-A809-83EF0D33832F}.Debug|x64.ActiveCfg = Debug|Any CPU
		{8A6E0202-70C2-4F29-A809-83EF0D33832F}.Debug|x64.Build.0 = Debug|Any CPU
		{8A6E0202-70C2-4F29-A809-83EF0D33832F}.Debug|x86.ActiveCfg = Debug|Any CPU
		{8A6E0202-70C2-4F29-A809-83EF0D33832F}.Debug|x86.Build.0 = Debug|Any CPU
		{8A6E0202-70C2-4F29-A809-83EF0D33832F}.Release|Any CPU.ActiveCfg = Release|Any CPU
		{8A6E0202-70C2-4F29-A809-83EF0D33832F}.Release|Any CPU.Build.0 = Release|Any CPU
		{8A6E0202-70C2-4F29-A809-83EF0D33832F}.Release|x64.ActiveCfg = Release|Any CPU
		{8A6E0202-70C2-4F29-A809-83EF0D33832F}.Release|x64.Build.0 = Release|Any CPU
		{8A6E0202-70C2-4F29-A809-83EF0D33832F}.Release|x86.ActiveCfg = Release|Any CPU
		{8A6E0202-70C2-4F29-A809-83EF0D33832F}.Release|x86.Build.0 = Release|Any CPU
		{F0AF6F36-A413-4453-9C92-AD875307E05C}.Debug|Any CPU.ActiveCfg = Debug|Any CPU
		{F0AF6F36-A413-4453-9C92-AD875307E05C}.Debug|Any CPU.Build.0 = Debug|Any CPU
		{F0AF6F36-A413-4453-9C92-AD875307E05C}.Debug|x64.ActiveCfg = Debug|Any CPU
		{F0AF6F36-A413-4453-9C92-AD875307E05C}.Debug|x64.Build.0 = Debug|Any CPU
		{F0AF6F36-A413-4453-9C92-AD875307E05C}.Debug|x86.ActiveCfg = Debug|Any CPU
		{F0AF6F36-A413-4453-9C92-AD875307E05C}.Debug|x86.Build.0 = Debug|Any CPU
		{F0AF6F36-A413-4453-9C92-AD875307E05C}.Release|Any CPU.ActiveCfg = Release|Any CPU
		{F0AF6F36-A413-4453-9C92-AD875307E05C}.Release|Any CPU.Build.0 = Release|Any CPU
		{F0AF6F36-A413-4453-9C92-AD875307E05C}.Release|x64.ActiveCfg = Release|Any CPU
		{F0AF6F36-A413-4453-9C92-AD875307E05C}.Release|x64.Build.0 = Release|Any CPU
		{F0AF6F36-A413-4453-9C92-AD875307E05C}.Release|x86.ActiveCfg = Release|Any CPU
		{F0AF6F36-A413-4453-9C92-AD875307E05C}.Release|x86.Build.0 = Release|Any CPU
		{74878CF8-0657-4AEF-8111-2F0B57D03F47}.Debug|Any CPU.ActiveCfg = Debug|Any CPU
		{74878CF8-0657-4AEF-8111-2F0B57D03F47}.Debug|Any CPU.Build.0 = Debug|Any CPU
		{74878CF8-0657-4AEF-8111-2F0B57D03F47}.Debug|x64.ActiveCfg = Debug|Any CPU
		{74878CF8-0657-4AEF-8111-2F0B57D03F47}.Debug|x64.Build.0 = Debug|Any CPU
		{74878CF8-0657-4AEF-8111-2F0B57D03F47}.Debug|x86.ActiveCfg = Debug|Any CPU
		{74878CF8-0657-4AEF-8111-2F0B57D03F47}.Debug|x86.Build.0 = Debug|Any CPU
		{74878CF8-0657-4AEF-8111-2F0B57D03F47}.Release|Any CPU.ActiveCfg = Release|Any CPU
		{74878CF8-0657-4AEF-8111-2F0B57D03F47}.Release|Any CPU.Build.0 = Release|Any CPU
		{74878CF8-0657-4AEF-8111-2F0B57D03F47}.Release|x64.ActiveCfg = Release|Any CPU
		{74878CF8-0657-4AEF-8111-2F0B57D03F47}.Release|x64.Build.0 = Release|Any CPU
		{74878CF8-0657-4AEF-8111-2F0B57D03F47}.Release|x86.ActiveCfg = Release|Any CPU
		{74878CF8-0657-4AEF-8111-2F0B57D03F47}.Release|x86.Build.0 = Release|Any CPU
		{8A822A90-D690-4CF8-9347-7FE2BB675A3B}.Debug|Any CPU.ActiveCfg = Debug|Any CPU
		{8A822A90-D690-4CF8-9347-7FE2BB675A3B}.Debug|Any CPU.Build.0 = Debug|Any CPU
		{8A822A90-D690-4CF8-9347-7FE2BB675A3B}.Debug|x64.ActiveCfg = Debug|Any CPU
		{8A822A90-D690-4CF8-9347-7FE2BB675A3B}.Debug|x64.Build.0 = Debug|Any CPU
		{8A822A90-D690-4CF8-9347-7FE2BB675A3B}.Debug|x86.ActiveCfg = Debug|Any CPU
		{8A822A90-D690-4CF8-9347-7FE2BB675A3B}.Debug|x86.Build.0 = Debug|Any CPU
		{8A822A90-D690-4CF8-9347-7FE2BB675A3B}.Release|Any CPU.ActiveCfg = Release|Any CPU
		{8A822A90-D690-4CF8-9347-7FE2BB675A3B}.Release|Any CPU.Build.0 = Release|Any CPU
		{8A822A90-D690-4CF8-9347-7FE2BB675A3B}.Release|x64.ActiveCfg = Release|Any CPU
		{8A822A90-D690-4CF8-9347-7FE2BB675A3B}.Release|x64.Build.0 = Release|Any CPU
		{8A822A90-D690-4CF8-9347-7FE2BB675A3B}.Release|x86.ActiveCfg = Release|Any CPU
		{8A822A90-D690-4CF8-9347-7FE2BB675A3B}.Release|x86.Build.0 = Release|Any CPU
		{92EAB97A-CFCB-4578-A213-0F83294D8AD4}.Debug|Any CPU.ActiveCfg = Debug|Any CPU
		{92EAB97A-CFCB-4578-A213-0F83294D8AD4}.Debug|Any CPU.Build.0 = Debug|Any CPU
		{92EAB97A-CFCB-4578-A213-0F83294D8AD4}.Debug|x64.ActiveCfg = Debug|Any CPU
		{92EAB97A-CFCB-4578-A213-0F83294D8AD4}.Debug|x64.Build.0 = Debug|Any CPU
		{92EAB97A-CFCB-4578-A213-0F83294D8AD4}.Debug|x86.ActiveCfg = Debug|Any CPU
		{92EAB97A-CFCB-4578-A213-0F83294D8AD4}.Debug|x86.Build.0 = Debug|Any CPU
		{92EAB97A-CFCB-4578-A213-0F83294D8AD4}.Release|Any CPU.ActiveCfg = Release|Any CPU
		{92EAB97A-CFCB-4578-A213-0F83294D8AD4}.Release|Any CPU.Build.0 = Release|Any CPU
		{92EAB97A-CFCB-4578-A213-0F83294D8AD4}.Release|x64.ActiveCfg = Release|Any CPU
		{92EAB97A-CFCB-4578-A213-0F83294D8AD4}.Release|x64.Build.0 = Release|Any CPU
		{92EAB97A-CFCB-4578-A213-0F83294D8AD4}.Release|x86.ActiveCfg = Release|Any CPU
		{92EAB97A-CFCB-4578-A213-0F83294D8AD4}.Release|x86.Build.0 = Release|Any CPU
		{D8D31EE9-6C2A-4F58-B423-D5CAB55A3DBA}.Debug|Any CPU.ActiveCfg = Debug|Any CPU
		{D8D31EE9-6C2A-4F58-B423-D5CAB55A3DBA}.Debug|Any CPU.Build.0 = Debug|Any CPU
		{D8D31EE9-6C2A-4F58-B423-D5CAB55A3DBA}.Debug|x64.ActiveCfg = Debug|Any CPU
		{D8D31EE9-6C2A-4F58-B423-D5CAB55A3DBA}.Debug|x64.Build.0 = Debug|Any CPU
		{D8D31EE9-6C2A-4F58-B423-D5CAB55A3DBA}.Debug|x86.ActiveCfg = Debug|Any CPU
		{D8D31EE9-6C2A-4F58-B423-D5CAB55A3DBA}.Debug|x86.Build.0 = Debug|Any CPU
		{D8D31EE9-6C2A-4F58-B423-D5CAB55A3DBA}.Release|Any CPU.ActiveCfg = Release|Any CPU
		{D8D31EE9-6C2A-4F58-B423-D5CAB55A3DBA}.Release|Any CPU.Build.0 = Release|Any CPU
		{D8D31EE9-6C2A-4F58-B423-D5CAB55A3DBA}.Release|x64.ActiveCfg = Release|Any CPU
		{D8D31EE9-6C2A-4F58-B423-D5CAB55A3DBA}.Release|x64.Build.0 = Release|Any CPU
		{D8D31EE9-6C2A-4F58-B423-D5CAB55A3DBA}.Release|x86.ActiveCfg = Release|Any CPU
		{D8D31EE9-6C2A-4F58-B423-D5CAB55A3DBA}.Release|x86.Build.0 = Release|Any CPU
	EndGlobalSection
	GlobalSection(SolutionProperties) = preSolution
		HideSolutionNode = FALSE
	EndGlobalSection
	GlobalSection(NestedProjects) = preSolution
		{F578645D-36C9-4054-8B23-C573BFB8765A} = {A47CB436-A25D-42ED-BE2E-14BC69AC74F5}
		{CB0D6377-2077-4AF8-8F57-D217AED461AF} = {6298A3E0-4DE6-47F9-AFD6-A0ABFA960B22}
		{C2AEBE1C-E4E5-463C-8A28-2B6EAC0DF46B} = {6298A3E0-4DE6-47F9-AFD6-A0ABFA960B22}
		{6298A3E0-4DE6-47F9-AFD6-A0ABFA960B22} = {0203CA5A-4316-484E-BC97-61FB07EB8118}
		{30B07D6B-648C-4005-BD1E-061EBA49E833} = {0203CA5A-4316-484E-BC97-61FB07EB8118}
		{8A6E0202-70C2-4F29-A809-83EF0D33832F} = {30B07D6B-648C-4005-BD1E-061EBA49E833}
		{F0AF6F36-A413-4453-9C92-AD875307E05C} = {30B07D6B-648C-4005-BD1E-061EBA49E833}
		{402D9FC6-E3DB-4E26-A833-20BB8C141A0E} = {0203CA5A-4316-484E-BC97-61FB07EB8118}
		{7091AA17-BE02-402F-BD22-EB8B47B6BDB7} = {0203CA5A-4316-484E-BC97-61FB07EB8118}
		{24D35DBD-7BB2-46E1-BE2D-3F0E5CECEB93} = {0203CA5A-4316-484E-BC97-61FB07EB8118}
		{74878CF8-0657-4AEF-8111-2F0B57D03F47} = {24D35DBD-7BB2-46E1-BE2D-3F0E5CECEB93}
		{48535793-0D9D-4B71-88F3-B358D6927E98} = {7091AA17-BE02-402F-BD22-EB8B47B6BDB7}
		{8A822A90-D690-4CF8-9347-7FE2BB675A3B} = {402D9FC6-E3DB-4E26-A833-20BB8C141A0E}
		{92EAB97A-CFCB-4578-A213-0F83294D8AD4} = {A47CB436-A25D-42ED-BE2E-14BC69AC74F5}
		{D8D31EE9-6C2A-4F58-B423-D5CAB55A3DBA} = {0203CA5A-4316-484E-BC97-61FB07EB8118}
	EndGlobalSection
	GlobalSection(ExtensibilityGlobals) = postSolution
		SolutionGuid = {F44567ED-240B-4D1F-A28C-3D2A132EA277}
	EndGlobalSection
EndGlobal
